
Microsoft Visual Studio Solution File, Format Version 12.00
# Visual Studio Version 17
VisualStudioVersion = 17.8.34408.163
MinimumVisualStudioVersion = 10.0.40219.1
Project("{FAE04EC0-301F-11D3-BF4B-00C04F79EFBC}") = "RealCalculator", "RealCalculator\RealCalculator.csproj", "{BE662A09-471C-43C1-BE90-A7822E0A61EA}"
EndProject
Project("{FAE04EC0-301F-11D3-BF4B-00C04F79EFBC}") = "PrintNumbers", "PrintNumbers\PrintNumbers.csproj", "{9927E444-42DE-4CC0-A28E-5DD4354F0AB6}"
EndProject
Global
	GlobalSection(SolutionConfigurationPlatforms) = preSolution
		Debug|Any CPU = Debug|Any CPU
		Release|Any CPU = Release|Any CPU
	EndGlobalSection
	GlobalSection(ProjectConfigurationPlatforms) = postSolution
		{BE662A09-471C-43C1-BE90-A7822E0A61EA}.Debug|Any CPU.ActiveCfg = Debug|Any CPU
		{BE662A09-471C-43C1-BE90-A7822E0A61EA}.Debug|Any CPU.Build.0 = Debug|Any CPU
		{BE662A09-471C-43C1-BE90-A7822E0A61EA}.Release|Any CPU.ActiveCfg = Release|Any CPU
		{BE662A09-471C-43C1-BE90-A7822E0A61EA}.Release|Any CPU.Build.0 = Release|Any CPU
		{9927E444-42DE-4CC0-A28E-5DD4354F0AB6}.Debug|Any CPU.ActiveCfg = Debug|Any CPU
		{9927E444-42DE-4CC0-A28E-5DD4354F0AB6}.Debug|Any CPU.Build.0 = Debug|Any CPU
		{9927E444-42DE-4CC0-A28E-5DD4354F0AB6}.Release|Any CPU.ActiveCfg = Release|Any CPU
		{9927E444-42DE-4CC0-A28E-5DD4354F0AB6}.Release|Any CPU.Build.0 = Release|Any CPU
	EndGlobalSection
	GlobalSection(SolutionProperties) = preSolution
		HideSolutionNode = FALSE
	EndGlobalSection
	GlobalSection(ExtensibilityGlobals) = postSolution
		SolutionGuid = {51196F29-6C82-4785-8077-1571B928B4E3}
	EndGlobalSection
EndGlobal
