
Microsoft Visual Studio Solution File, Format Version 12.00
# Visual Studio Version 17
VisualStudioVersion = 17.8.34408.163
MinimumVisualStudioVersion = 10.0.40219.1
Project("{FAE04EC0-301F-11D3-BF4B-00C04F79EFBC}") = "NumberStat", "NumberStat\NumberStat.csproj", "{5DCAEFFD-A12D-4C54-8DA2-3F8B9B10057B}"
EndProject
Global
	GlobalSection(SolutionConfigurationPlatforms) = preSolution
		Debug|Any CPU = Debug|Any CPU
		Release|Any CPU = Release|Any CPU
	EndGlobalSection
	GlobalSection(ProjectConfigurationPlatforms) = postSolution
		{5DCAEFFD-A12D-4C54-8DA2-3F8B9B10057B}.Debug|Any CPU.ActiveCfg = Debug|Any CPU
		{5DCAEFFD-A12D-4C54-8DA2-3F8B9B10057B}.Debug|Any CPU.Build.0 = Debug|Any CPU
		{5DCAEFFD-A12D-4C54-8DA2-3F8B9B10057B}.Release|Any CPU.ActiveCfg = Release|Any CPU
		{5DCAEFFD-A12D-4C54-8DA2-3F8B9B10057B}.Release|Any CPU.Build.0 = Release|Any CPU
	EndGlobalSection
	GlobalSection(SolutionProperties) = preSolution
		HideSolutionNode = FALSE
	EndGlobalSection
	GlobalSection(ExtensibilityGlobals) = postSolution
		SolutionGuid = {5CB99938-0FE2-47D8-BAFD-023FFC6AFD8D}
	EndGlobalSection
EndGlobal
